<?xml version="1.0" encoding="utf-8"?>
<Project ToolsVersion="4.0" xmlns="http://schemas.microsoft.com/developer/msbuild/2003">
  <ItemGroup>
    <Filter Include="Source Files">
      <UniqueIdentifier>{4FC737F1-C7A5-4376-A066-2A32D752A2FF}</UniqueIdentifier>
      <Extensions>cpp;c;cc;cxx;c++;cppm;ixx;def;odl;idl;hpj;bat;asm;asmx</Extensions>
    </Filter>
    <Filter Include="Header Files">
      <UniqueIdentifier>{93995380-89BD-4b04-88EB-625FBE52EBFB}</UniqueIdentifier>
      <Extensions>h;hh;hpp;hxx;h++;hm;inl;inc;ipp;xsd</Extensions>
    </Filter>
    <Filter Include="Resource Files">
      <UniqueIdentifier>{67DA6AB6-F800-4c08-8B7A-83BB121AAD01}</UniqueIdentifier>
      <Extensions>rc;ico;cur;bmp;dlg;rc2;rct;bin;rgs;gif;jpg;jpeg;jpe;resx;tiff;tif;png;wav;mfcribbon-ms</Extensions>
    </Filter>
  </ItemGroup>
  <ItemGroup>
    <ClCompile Include="engine\core\main.cpp">
      <Filter>Source Files</Filter>
    </ClCompile>
    <ClCompile Include="engine\core\datatypes\vec3.cpp">
      <Filter>Source Files</Filter>
    </ClCompile>
    <ClCompile Include="engine\core\log.cpp">
      <Filter>Source Files</Filter>
    </ClCompile>
    <ClCompile Include="engine\rendering\datatypes\mat4x4.cpp">
      <Filter>Source Files</Filter>
    </ClCompile>
    <ClCompile Include="engine\tests\test.cpp">
      <Filter>Source Files</Filter>
    </ClCompile>
    <ClCompile Include="engine\tests\assert.cpp">
      <Filter>Source Files</Filter>
    </ClCompile>
    <ClCompile Include="engine\core\ecs\entity.cpp">
      <Filter>Source Files</Filter>
    </ClCompile>
    <ClCompile Include="engine\core\callback.cpp">
      <Filter>Source Files</Filter>
    </ClCompile>
    <ClCompile Include="engine\core\ecs\system.cpp">
      <Filter>Source Files</Filter>
    </ClCompile>
  </ItemGroup>
  <ItemGroup>
    <ClInclude Include="engine\rendering\datatypes\mat4x4.h">
      <Filter>Header Files</Filter>
    </ClInclude>
    <ClInclude Include="engine\core\datatypes\vec3.h">
      <Filter>Header Files</Filter>
    </ClInclude>
    <ClInclude Include="engine\core\log.h">
      <Filter>Header Files</Filter>
    </ClInclude>
    <ClInclude Include="engine\tests\assert.h">
      <Filter>Header Files</Filter>
    </ClInclude>
    <ClInclude Include="engine\core\globals.h">
      <Filter>Header Files</Filter>
    </ClInclude>
    <ClInclude Include="engine\tests\test.h">
      <Filter>Header Files</Filter>
    </ClInclude>
    <ClInclude Include="engine\core\ecs\entity.h">
      <Filter>Header Files</Filter>
    </ClInclude>
    <ClInclude Include="engine\core\ecs\component.h">
      <Filter>Header Files</Filter>
    </ClInclude>
    <ClInclude Include="engine\core\ecs\system.h">
      <Filter>Header Files</Filter>
    </ClInclude>
    <ClInclude Include="engine\core\callback.h">
      <Filter>Header Files</Filter>
    </ClInclude>
    <ClInclude Include="engine\core\ecs\ecs_handler.h">
      <Filter>Header Files</Filter>
    </ClInclude>
  </ItemGroup>
  <ItemGroup>
    <Text Include="MimosaGameEngine.txt" />
  </ItemGroup>
</Project>